
Microsoft Visual Studio Solution File, Format Version 12.00
# Visual Studio Version 17
VisualStudioVersion = 17.5.33516.290
MinimumVisualStudioVersion = 10.0.40219.1
Project("{FAE04EC0-301F-11D3-BF4B-00C04F79EFBC}") = "GoogleTapLab.Android", "GoogleTapLab.Android\GoogleTapLab.Android.csproj", "{A23984BD-A7C2-4296-9158-0F1385CDC5DF}"
EndProject
Project("{FAE04EC0-301F-11D3-BF4B-00C04F79EFBC}") = "GoogleTapLab", "GoogleTapLab\GoogleTapLab.csproj", "{373C090A-DB9E-4296-9B66-D589F65C7C8C}"
EndProject
Global
	GlobalSection(SolutionConfigurationPlatforms) = preSolution
		Debug|Any CPU = Debug|Any CPU
		Release|Any CPU = Release|Any CPU
	EndGlobalSection
	GlobalSection(ProjectConfigurationPlatforms) = postSolution
		{A23984BD-A7C2-4296-9158-0F1385CDC5DF}.Debug|Any CPU.ActiveCfg = Debug|Any CPU
		{A23984BD-A7C2-4296-9158-0F1385CDC5DF}.Debug|Any CPU.Build.0 = Debug|Any CPU
		{A23984BD-A7C2-4296-9158-0F1385CDC5DF}.Debug|Any CPU.Deploy.0 = Debug|Any CPU
		{A23984BD-A7C2-4296-9158-0F1385CDC5DF}.Release|Any CPU.ActiveCfg = Release|Any CPU
		{A23984BD-A7C2-4296-9158-0F1385CDC5DF}.Release|Any CPU.Build.0 = Release|Any CPU
		{A23984BD-A7C2-4296-9158-0F1385CDC5DF}.Release|Any CPU.Deploy.0 = Release|Any CPU
		{373C090A-DB9E-4296-9B66-D589F65C7C8C}.Debug|Any CPU.ActiveCfg = Debug|Any CPU
		{373C090A-DB9E-4296-9B66-D589F65C7C8C}.Debug|Any CPU.Build.0 = Debug|Any CPU
		{373C090A-DB9E-4296-9B66-D589F65C7C8C}.Debug|Any CPU.Deploy.0 = Debug|Any CPU
		{373C090A-DB9E-4296-9B66-D589F65C7C8C}.Release|Any CPU.ActiveCfg = Release|Any CPU
		{373C090A-DB9E-4296-9B66-D589F65C7C8C}.Release|Any CPU.Build.0 = Release|Any CPU
		{373C090A-DB9E-4296-9B66-D589F65C7C8C}.Release|Any CPU.Deploy.0 = Release|Any CPU
	EndGlobalSection
	GlobalSection(SolutionProperties) = preSolution
		HideSolutionNode = FALSE
	EndGlobalSection
	GlobalSection(ExtensibilityGlobals) = postSolution
		SolutionGuid = {9F81A740-7A93-4979-AD9B-CB92DE4BA370}
	EndGlobalSection
EndGlobal
